<?xml version="1.0" encoding="utf-8"?>
<Project ToolsVersion="17.0" xmlns="http://schemas.microsoft.com/developer/msbuild/2003">
  <ItemGroup>
    <CustomBuild Include="C:\Users\Jim\Desktop\Manager\build_release\CMakeFiles\0b0d0083d00f0504ad0231dc8fc99be5\INSTALL_force.rule">
      <Filter>CMake Rules</Filter>
    </CustomBuild>
  </ItemGroup>
  <ItemGroup>
    <Filter Include="CMake Rules">
      <UniqueIdentifier>{44408655-97A5-3F66-8658-0721B7CD088B}</UniqueIdentifier>
    </Filter>
  </ItemGroup>
</Project>
