
Microsoft Visual Studio Solution File, Format Version 12.00
# Visual Studio Version 17
Project("{8BC9CEB8-8B4A-11D0-8D11-00A0C91BC942}") = "ALL_BUILD", "ALL_BUILD.vcxproj", "{CA1D30DC-7989-303B-9EBA-274AF1BF2299}"
	ProjectSection(ProjectDependencies) = postProject
		{A2B7B94B-6C75-3071-92B9-723EE32E2671} = {A2B7B94B-6C75-3071-92B9-723EE32E2671}
		{2412CE82-CB49-3ECD-9505-24F0177D9E21} = {2412CE82-CB49-3ECD-9505-24F0177D9E21}
	EndProjectSection
EndProject
Project("{8BC9CEB8-8B4A-11D0-8D11-00A0C91BC942}") = "INSTALL", "INSTALL.vcxproj", "{0CF39316-D9EF-3084-8B34-529236D3CA0E}"
	ProjectSection(ProjectDependencies) = postProject
		{CA1D30DC-7989-303B-9EBA-274AF1BF2299} = {CA1D30DC-7989-303B-9EBA-274AF1BF2299}
		{2412CE82-CB49-3ECD-9505-24F0177D9E21} = {2412CE82-CB49-3ECD-9505-24F0177D9E21}
	EndProjectSection
EndProject
Project("{8BC9CEB8-8B4A-11D0-8D11-00A0C91BC942}") = "Manager", "Manager.vcxproj", "{A2B7B94B-6C75-3071-92B9-723EE32E2671}"
	ProjectSection(ProjectDependencies) = postProject
		{2412CE82-CB49-3ECD-9505-24F0177D9E21} = {2412CE82-CB49-3ECD-9505-24F0177D9E21}
	EndProjectSection
EndProject
Project("{8BC9CEB8-8B4A-11D0-8D11-00A0C91BC942}") = "ZERO_CHECK", "ZERO_CHECK.vcxproj", "{2412CE82-CB49-3ECD-9505-24F0177D9E21}"
	ProjectSection(ProjectDependencies) = postProject
	EndProjectSection
EndProject
Global
	GlobalSection(SolutionConfigurationPlatforms) = preSolution
		Debug|x64 = Debug|x64
		Release|x64 = Release|x64
		MinSizeRel|x64 = MinSizeRel|x64
		RelWithDebInfo|x64 = RelWithDebInfo|x64
	EndGlobalSection
	GlobalSection(ProjectConfigurationPlatforms) = postSolution
		{CA1D30DC-7989-303B-9EBA-274AF1BF2299}.Debug|x64.ActiveCfg = Debug|x64
		{CA1D30DC-7989-303B-9EBA-274AF1BF2299}.Debug|x64.Build.0 = Debug|x64
		{CA1D30DC-7989-303B-9EBA-274AF1BF2299}.Release|x64.ActiveCfg = Release|x64
		{CA1D30DC-7989-303B-9EBA-274AF1BF2299}.Release|x64.Build.0 = Release|x64
		{CA1D30DC-7989-303B-9EBA-274AF1BF2299}.MinSizeRel|x64.ActiveCfg = MinSizeRel|x64
		{CA1D30DC-7989-303B-9EBA-274AF1BF2299}.MinSizeRel|x64.Build.0 = MinSizeRel|x64
		{CA1D30DC-7989-303B-9EBA-274AF1BF2299}.RelWithDebInfo|x64.ActiveCfg = RelWithDebInfo|x64
		{CA1D30DC-7989-303B-9EBA-274AF1BF2299}.RelWithDebInfo|x64.Build.0 = RelWithDebInfo|x64
		{0CF39316-D9EF-3084-8B34-529236D3CA0E}.Debug|x64.ActiveCfg = Debug|x64
		{0CF39316-D9EF-3084-8B34-529236D3CA0E}.Release|x64.ActiveCfg = Release|x64
		{0CF39316-D9EF-3084-8B34-529236D3CA0E}.MinSizeRel|x64.ActiveCfg = MinSizeRel|x64
		{0CF39316-D9EF-3084-8B34-529236D3CA0E}.RelWithDebInfo|x64.ActiveCfg = RelWithDebInfo|x64
		{A2B7B94B-6C75-3071-92B9-723EE32E2671}.Debug|x64.ActiveCfg = Debug|x64
		{A2B7B94B-6C75-3071-92B9-723EE32E2671}.Debug|x64.Build.0 = Debug|x64
		{A2B7B94B-6C75-3071-92B9-723EE32E2671}.Release|x64.ActiveCfg = Release|x64
		{A2B7B94B-6C75-3071-92B9-723EE32E2671}.Release|x64.Build.0 = Release|x64
		{A2B7B94B-6C75-3071-92B9-723EE32E2671}.MinSizeRel|x64.ActiveCfg = MinSizeRel|x64
		{A2B7B94B-6C75-3071-92B9-723EE32E2671}.MinSizeRel|x64.Build.0 = MinSizeRel|x64
		{A2B7B94B-6C75-3071-92B9-723EE32E2671}.RelWithDebInfo|x64.ActiveCfg = RelWithDebInfo|x64
		{A2B7B94B-6C75-3071-92B9-723EE32E2671}.RelWithDebInfo|x64.Build.0 = RelWithDebInfo|x64
		{2412CE82-CB49-3ECD-9505-24F0177D9E21}.Debug|x64.ActiveCfg = Debug|x64
		{2412CE82-CB49-3ECD-9505-24F0177D9E21}.Debug|x64.Build.0 = Debug|x64
		{2412CE82-CB49-3ECD-9505-24F0177D9E21}.Release|x64.ActiveCfg = Release|x64
		{2412CE82-CB49-3ECD-9505-24F0177D9E21}.Release|x64.Build.0 = Release|x64
		{2412CE82-CB49-3ECD-9505-24F0177D9E21}.MinSizeRel|x64.ActiveCfg = MinSizeRel|x64
		{2412CE82-CB49-3ECD-9505-24F0177D9E21}.MinSizeRel|x64.Build.0 = MinSizeRel|x64
		{2412CE82-CB49-3ECD-9505-24F0177D9E21}.RelWithDebInfo|x64.ActiveCfg = RelWithDebInfo|x64
		{2412CE82-CB49-3ECD-9505-24F0177D9E21}.RelWithDebInfo|x64.Build.0 = RelWithDebInfo|x64
	EndGlobalSection
	GlobalSection(ExtensibilityGlobals) = postSolution
		SolutionGuid = {D1AE851A-40FE-3E31-B679-E1CA39162F5B}
	EndGlobalSection
	GlobalSection(ExtensibilityAddIns) = postSolution
	EndGlobalSection
EndGlobal
